
Microsoft Visual Studio Solution File, Format Version 12.00
# Visual Studio Version 17
VisualStudioVersion = 17.0.31903.59
MinimumVisualStudioVersion = 10.0.40219.1
Project("{FAE04EC0-301F-11D3-BF4B-00C04F79EFBC}") = "DotNetCiCdDemo.Test", "DotNetCiCdDemo.Test\DotNetCiCdDemo.Test.csproj", "{C1CC9290-53E1-4FF2-BAD5-A3507F64F497}"
EndProject
Project("{FAE04EC0-301F-11D3-BF4B-00C04F79EFBC}") = "DotNetCiCdDemo.Api", "DotNetCiCdDemo.Api\DotNetCiCdDemo.Api.csproj", "{53EFD5BC-503C-4684-8662-42F292CCE80A}"
EndProject
Global
	GlobalSection(SolutionConfigurationPlatforms) = preSolution
		Debug|Any CPU = Debug|Any CPU
		Release|Any CPU = Release|Any CPU
	EndGlobalSection
	GlobalSection(SolutionProperties) = preSolution
		HideSolutionNode = FALSE
	EndGlobalSection
	GlobalSection(ProjectConfigurationPlatforms) = postSolution
		{C1CC9290-53E1-4FF2-BAD5-A3507F64F497}.Debug|Any CPU.ActiveCfg = Debug|Any CPU
		{C1CC9290-53E1-4FF2-BAD5-A3507F64F497}.Debug|Any CPU.Build.0 = Debug|Any CPU
		{C1CC9290-53E1-4FF2-BAD5-A3507F64F497}.Release|Any CPU.ActiveCfg = Release|Any CPU
		{C1CC9290-53E1-4FF2-BAD5-A3507F64F497}.Release|Any CPU.Build.0 = Release|Any CPU
		{53EFD5BC-503C-4684-8662-42F292CCE80A}.Debug|Any CPU.ActiveCfg = Debug|Any CPU
		{53EFD5BC-503C-4684-8662-42F292CCE80A}.Debug|Any CPU.Build.0 = Debug|Any CPU
		{53EFD5BC-503C-4684-8662-42F292CCE80A}.Release|Any CPU.ActiveCfg = Release|Any CPU
		{53EFD5BC-503C-4684-8662-42F292CCE80A}.Release|Any CPU.Build.0 = Release|Any CPU
	EndGlobalSection
EndGlobal
